
Microsoft Visual Studio Solution File, Format Version 12.00
# Visual Studio 15
VisualStudioVersion = 15.0.27703.2018
MinimumVisualStudioVersion = 10.0.40219.1
Project("{FAE04EC0-301F-11D3-BF4B-00C04F79EFBC}") = "PazzoAPI", "PazzoAPI\PazzoAPI.csproj", "{AAB5D507-CB1C-4100-9C09-DFF8F5783FBE}"
EndProject
Project("{FAE04EC0-301F-11D3-BF4B-00C04F79EFBC}") = "PazzoAPI.Tests", "PazzoAPI.Tests\PazzoAPI.Tests.csproj", "{70CBC8C0-E9D9-42A5-8D69-CE24ABD9E738}"
EndProject
Global
	GlobalSection(SolutionConfigurationPlatforms) = preSolution
		Debug|Any CPU = Debug|Any CPU
		Release|Any CPU = Release|Any CPU
	EndGlobalSection
	GlobalSection(ProjectConfigurationPlatforms) = postSolution
		{AAB5D507-CB1C-4100-9C09-DFF8F5783FBE}.Debug|Any CPU.ActiveCfg = Debug|Any CPU
		{AAB5D507-CB1C-4100-9C09-DFF8F5783FBE}.Debug|Any CPU.Build.0 = Debug|Any CPU
		{AAB5D507-CB1C-4100-9C09-DFF8F5783FBE}.Release|Any CPU.ActiveCfg = Release|Any CPU
		{AAB5D507-CB1C-4100-9C09-DFF8F5783FBE}.Release|Any CPU.Build.0 = Release|Any CPU
		{70CBC8C0-E9D9-42A5-8D69-CE24ABD9E738}.Debug|Any CPU.ActiveCfg = Debug|Any CPU
		{70CBC8C0-E9D9-42A5-8D69-CE24ABD9E738}.Debug|Any CPU.Build.0 = Debug|Any CPU
		{70CBC8C0-E9D9-42A5-8D69-CE24ABD9E738}.Release|Any CPU.ActiveCfg = Release|Any CPU
		{70CBC8C0-E9D9-42A5-8D69-CE24ABD9E738}.Release|Any CPU.Build.0 = Release|Any CPU
	EndGlobalSection
	GlobalSection(SolutionProperties) = preSolution
		HideSolutionNode = FALSE
	EndGlobalSection
	GlobalSection(ExtensibilityGlobals) = postSolution
		SolutionGuid = {0D94B00E-137E-4891-94D4-EC7F1AAF4EF5}
	EndGlobalSection
EndGlobal
